
Microsoft Visual Studio Solution File, Format Version 12.00
# Visual Studio Version 17
VisualStudioVersion = 17.8.34511.84
MinimumVisualStudioVersion = 10.0.40219.1
Project("{9A19103F-16F7-4668-BE54-9A1E7A4F7556}") = "myPlatformer", "myPlatformer.csproj", "{F5AC72CB-90A5-40D1-BFC6-D7A8B6329917}"
EndProject
Project("{2150E333-8FDC-42A3-9474-1A3956D46DE8}") = "Solution Items", "Solution Items", "{781C427A-E379-4630-B89C-290FD9B14ABE}"
	ProjectSection(SolutionItems) = preProject
		FrameDivider.cs = FrameDivider.cs
		GameUI.cs = GameUI.cs
		Items.cs = Items.cs
		LeaderboardEntry.cs = LeaderboardEntry.cs
		LeaderboardManager.cs = LeaderboardManager.cs
		level1.json = level1.json
		level1.xml = level1.xml
		LevelData.cs = LevelData.cs
		LevelLoader.cs = LevelLoader.cs
		MenuUI.cs = MenuUI.cs
		Objects.cs = Objects.cs
		ReadMapFromFile.cs = ReadMapFromFile.cs
	EndProjectSection
EndProject
Global
	GlobalSection(SolutionConfigurationPlatforms) = preSolution
		Debug|Any CPU = Debug|Any CPU
		Release|Any CPU = Release|Any CPU
	EndGlobalSection
	GlobalSection(ProjectConfigurationPlatforms) = postSolution
		{F5AC72CB-90A5-40D1-BFC6-D7A8B6329917}.Debug|Any CPU.ActiveCfg = Debug|Any CPU
		{F5AC72CB-90A5-40D1-BFC6-D7A8B6329917}.Debug|Any CPU.Build.0 = Debug|Any CPU
		{F5AC72CB-90A5-40D1-BFC6-D7A8B6329917}.Release|Any CPU.ActiveCfg = Release|Any CPU
		{F5AC72CB-90A5-40D1-BFC6-D7A8B6329917}.Release|Any CPU.Build.0 = Release|Any CPU
	EndGlobalSection
	GlobalSection(SolutionProperties) = preSolution
		HideSolutionNode = FALSE
	EndGlobalSection
	GlobalSection(ExtensibilityGlobals) = postSolution
		SolutionGuid = {F628E7FF-299E-4A51-BC15-A7DA85EE4C24}
	EndGlobalSection
EndGlobal
